// !$*UTF8*$!
{
	archiveVersion = 1;
	classes = {
	};
	objectVersion = 46;
	objects = {

/* Begin PBXBuildFile section */
		965186621B019751005793D2 /* GradientView.swift in Sources */ = {isa = PBXBuildFile; fileRef = 965186611B019751005793D2 /* GradientView.swift */; };
		9682122E1B049DBF006A9B26 /* Searches.swift in Sources */ = {isa = PBXBuildFile; fileRef = 9682122D1B049DBF006A9B26 /* Searches.swift */; };
		96A030741AFFB7BB00783268 /* UIImageView+DownloadImage.swift in Sources */ = {isa = PBXBuildFile; fileRef = 96A030731AFFB7BB00783268 /* UIImageView+DownloadImage.swift */; };
		96A030781B008BEE00783268 /* DetailViewController.swift in Sources */ = {isa = PBXBuildFile; fileRef = 96A030771B008BEE00783268 /* DetailViewController.swift */; };
		96A0307A1B011F8200783268 /* DimmedPresentationContro.swift in Sources */ = {isa = PBXBuildFile; fileRef = 96A030791B011F8200783268 /* DimmedPresentationContro.swift */; };
		96E19B4A1AF46B0700495E00 /* AppDelegate.swift in Sources */ = {isa = PBXBuildFile; fileRef = 96E19B491AF46B0700495E00 /* AppDelegate.swift */; };
		96E19B4C1AF46B0700495E00 /* SearchViewController.swift in Sources */ = {isa = PBXBuildFile; fileRef = 96E19B4B1AF46B0700495E00 /* SearchViewController.swift */; };
		96E19B4F1AF46B0700495E00 /* Main.storyboard in Resources */ = {isa = PBXBuildFile; fileRef = 96E19B4D1AF46B0700495E00 /* Main.storyboard */; };
		96E19B511AF46B0700495E00 /* Images.xcassets in Resources */ = {isa = PBXBuildFile; fileRef = 96E19B501AF46B0700495E00 /* Images.xcassets */; };
		96E19B601AF46B0700495E00 /* CraigSearchTests.swift in Sources */ = {isa = PBXBuildFile; fileRef = 96E19B5F1AF46B0700495E00 /* CraigSearchTests.swift */; };
		96E19B7D1AF8640400495E00 /* CloseButton.png in Resources */ = {isa = PBXBuildFile; fileRef = 96E19B6E1AF8640400495E00 /* CloseButton.png */; };
		96E19B7E1AF8640400495E00 /* CloseButton@2x.png in Resources */ = {isa = PBXBuildFile; fileRef = 96E19B6F1AF8640400495E00 /* CloseButton@2x.png */; };
		96E19B7F1AF8640400495E00 /* CloseButton@3x.png in Resources */ = {isa = PBXBuildFile; fileRef = 96E19B701AF8640400495E00 /* CloseButton@3x.png */; };
		96E19B801AF8640400495E00 /* LandscapeBackground.png in Resources */ = {isa = PBXBuildFile; fileRef = 96E19B711AF8640400495E00 /* LandscapeBackground.png */; };
		96E19B811AF8640400495E00 /* LandscapeBackground@2x.png in Resources */ = {isa = PBXBuildFile; fileRef = 96E19B721AF8640400495E00 /* LandscapeBackground@2x.png */; };
		96E19B821AF8640400495E00 /* LandscapeBackground@3x.png in Resources */ = {isa = PBXBuildFile; fileRef = 96E19B731AF8640400495E00 /* LandscapeBackground@3x.png */; };
		96E19B831AF8640400495E00 /* LandscapeButton.png in Resources */ = {isa = PBXBuildFile; fileRef = 96E19B741AF8640400495E00 /* LandscapeButton.png */; };
		96E19B841AF8640400495E00 /* LandscapeButton@2x.png in Resources */ = {isa = PBXBuildFile; fileRef = 96E19B751AF8640400495E00 /* LandscapeButton@2x.png */; };
		96E19B851AF8640400495E00 /* LandscapeButton@3x.png in Resources */ = {isa = PBXBuildFile; fileRef = 96E19B761AF8640400495E00 /* LandscapeButton@3x.png */; };
		96E19B861AF8640400495E00 /* Placeholder.png in Resources */ = {isa = PBXBuildFile; fileRef = 96E19B771AF8640400495E00 /* Placeholder.png */; };
		96E19B871AF8640400495E00 /* Placeholder@2x.png in Resources */ = {isa = PBXBuildFile; fileRef = 96E19B781AF8640400495E00 /* Placeholder@2x.png */; };
		96E19B881AF8640400495E00 /* Placeholder@3x.png in Resources */ = {isa = PBXBuildFile; fileRef = 96E19B791AF8640400495E00 /* Placeholder@3x.png */; };
		96E19B891AF8640400495E00 /* PriceButton.png in Resources */ = {isa = PBXBuildFile; fileRef = 96E19B7A1AF8640400495E00 /* PriceButton.png */; };
		96E19B8A1AF8640400495E00 /* PriceButton@2x.png in Resources */ = {isa = PBXBuildFile; fileRef = 96E19B7B1AF8640400495E00 /* PriceButton@2x.png */; };
		96E19B8B1AF8640400495E00 /* PriceButton@3x.png in Resources */ = {isa = PBXBuildFile; fileRef = 96E19B7C1AF8640400495E00 /* PriceButton@3x.png */; };
		96E19B8D1AF8645700495E00 /* SearchResultCell.xib in Resources */ = {isa = PBXBuildFile; fileRef = 96E19B8C1AF8645700495E00 /* SearchResultCell.xib */; };
		96E19B8F1AF9026600495E00 /* SearchResultCell.swift in Sources */ = {isa = PBXBuildFile; fileRef = 96E19B8E1AF9026600495E00 /* SearchResultCell.swift */; };
		96E19BA31AFCB1D800495E00 /* SearchResult.swift in Sources */ = {isa = PBXBuildFile; fileRef = 96E19BA21AFCB1D800495E00 /* SearchResult.swift */; };
		96F7FF5A1B0BC14D00015477 /* NothingFoundCell.xib in Resources */ = {isa = PBXBuildFile; fileRef = 96F7FF5C1B0BC14D00015477 /* NothingFoundCell.xib */; };
		96F7FF5E1B0C0CC200015477 /* LoadingCell.xib in Resources */ = {isa = PBXBuildFile; fileRef = 96F7FF601B0C0CC200015477 /* LoadingCell.xib */; };
		96F8E04F1B030E0B00BE943F /* BounceAnimateController.swift in Sources */ = {isa = PBXBuildFile; fileRef = 96F8E04E1B030E0B00BE943F /* BounceAnimateController.swift */; };
		96F8E0511B03CB9F00BE943F /* SlideOutAnimation.swift in Sources */ = {isa = PBXBuildFile; fileRef = 96F8E0501B03CB9F00BE943F /* SlideOutAnimation.swift */; };
		96F8E0531B03CD0200BE943F /* LandscapeViewController.swift in Sources */ = {isa = PBXBuildFile; fileRef = 96F8E0521B03CD0200BE943F /* LandscapeViewController.swift */; };
		96F8E0581B048F1A00BE943F /* FadeOutAnimation.swift in Sources */ = {isa = PBXBuildFile; fileRef = 96F8E0571B048F1A00BE943F /* FadeOutAnimation.swift */; };
/* End PBXBuildFile section */

/* Begin PBXContainerItemProxy section */
		96E19B5A1AF46B0700495E00 /* PBXContainerItemProxy */ = {
			isa = PBXContainerItemProxy;
			containerPortal = 96E19B3C1AF46B0700495E00 /* Project object */;
			proxyType = 1;
			remoteGlobalIDString = 96E19B431AF46B0700495E00;
			remoteInfo = CraigSearch;
		};
/* End PBXContainerItemProxy section */

/* Begin PBXFileReference section */
		965186611B019751005793D2 /* GradientView.swift */ = {isa = PBXFileReference; fileEncoding = 4; lastKnownFileType = sourcecode.swift; name = GradientView.swift; path = ../GradientView.swift; sourceTree = "<group>"; };
		9682122D1B049DBF006A9B26 /* Searches.swift */ = {isa = PBXFileReference; fileEncoding = 4; lastKnownFileType = sourcecode.swift; name = Searches.swift; path = ../Searches.swift; sourceTree = "<group>"; };
		96A030731AFFB7BB00783268 /* UIImageView+DownloadImage.swift */ = {isa = PBXFileReference; fileEncoding = 4; lastKnownFileType = sourcecode.swift; name = "UIImageView+DownloadImage.swift"; path = "../UIImageView+DownloadImage.swift"; sourceTree = "<group>"; };
		96A030771B008BEE00783268 /* DetailViewController.swift */ = {isa = PBXFileReference; fileEncoding = 4; lastKnownFileType = sourcecode.swift; path = DetailViewController.swift; sourceTree = "<group>"; };
		96A030791B011F8200783268 /* DimmedPresentationContro.swift */ = {isa = PBXFileReference; fileEncoding = 4; lastKnownFileType = sourcecode.swift; path = DimmedPresentationContro.swift; sourceTree = "<group>"; };
		96B308741B0C62D300A1CAD3 /* fr */ = {isa = PBXFileReference; lastKnownFileType = text.plist.strings; name = fr; path = fr.lproj/Main.strings; sourceTree = "<group>"; };
		96B308751B0C62D300A1CAD3 /* fr */ = {isa = PBXFileReference; lastKnownFileType = text.plist.strings; name = fr; path = fr.lproj/LoadingCell.strings; sourceTree = "<group>"; };
		96E19B441AF46B0700495E00 /* CraigSearch.app */ = {isa = PBXFileReference; explicitFileType = wrapper.application; includeInIndex = 0; path = CraigSearch.app; sourceTree = BUILT_PRODUCTS_DIR; };
		96E19B481AF46B0700495E00 /* Info.plist */ = {isa = PBXFileReference; lastKnownFileType = text.plist.xml; path = Info.plist; sourceTree = "<group>"; };
		96E19B491AF46B0700495E00 /* AppDelegate.swift */ = {isa = PBXFileReference; lastKnownFileType = sourcecode.swift; path = AppDelegate.swift; sourceTree = "<group>"; };
		96E19B4B1AF46B0700495E00 /* SearchViewController.swift */ = {isa = PBXFileReference; lastKnownFileType = sourcecode.swift; path = SearchViewController.swift; sourceTree = "<group>"; };
		96E19B4E1AF46B0700495E00 /* Base */ = {isa = PBXFileReference; lastKnownFileType = file.storyboard; name = Base; path = Base.lproj/Main.storyboard; sourceTree = "<group>"; };
		96E19B501AF46B0700495E00 /* Images.xcassets */ = {isa = PBXFileReference; lastKnownFileType = folder.assetcatalog; path = Images.xcassets; sourceTree = "<group>"; };
		96E19B591AF46B0700495E00 /* CraigSearchTests.xctest */ = {isa = PBXFileReference; explicitFileType = wrapper.cfbundle; includeInIndex = 0; path = CraigSearchTests.xctest; sourceTree = BUILT_PRODUCTS_DIR; };
		96E19B5E1AF46B0700495E00 /* Info.plist */ = {isa = PBXFileReference; lastKnownFileType = text.plist.xml; path = Info.plist; sourceTree = "<group>"; };
		96E19B5F1AF46B0700495E00 /* CraigSearchTests.swift */ = {isa = PBXFileReference; lastKnownFileType = sourcecode.swift; path = CraigSearchTests.swift; sourceTree = "<group>"; };
		96E19B6E1AF8640400495E00 /* CloseButton.png */ = {isa = PBXFileReference; lastKnownFileType = image.png; path = CloseButton.png; sourceTree = "<group>"; };
		96E19B6F1AF8640400495E00 /* CloseButton@2x.png */ = {isa = PBXFileReference; lastKnownFileType = image.png; path = "CloseButton@2x.png"; sourceTree = "<group>"; };
		96E19B701AF8640400495E00 /* CloseButton@3x.png */ = {isa = PBXFileReference; lastKnownFileType = image.png; path = "CloseButton@3x.png"; sourceTree = "<group>"; };
		96E19B711AF8640400495E00 /* LandscapeBackground.png */ = {isa = PBXFileReference; lastKnownFileType = image.png; path = LandscapeBackground.png; sourceTree = "<group>"; };
		96E19B721AF8640400495E00 /* LandscapeBackground@2x.png */ = {isa = PBXFileReference; lastKnownFileType = image.png; path = "LandscapeBackground@2x.png"; sourceTree = "<group>"; };
		96E19B731AF8640400495E00 /* LandscapeBackground@3x.png */ = {isa = PBXFileReference; lastKnownFileType = image.png; path = "LandscapeBackground@3x.png"; sourceTree = "<group>"; };
		96E19B741AF8640400495E00 /* LandscapeButton.png */ = {isa = PBXFileReference; lastKnownFileType = image.png; path = LandscapeButton.png; sourceTree = "<group>"; };
		96E19B751AF8640400495E00 /* LandscapeButton@2x.png */ = {isa = PBXFileReference; lastKnownFileType = image.png; path = "LandscapeButton@2x.png"; sourceTree = "<group>"; };
		96E19B761AF8640400495E00 /* LandscapeButton@3x.png */ = {isa = PBXFileReference; lastKnownFileType = image.png; path = "LandscapeButton@3x.png"; sourceTree = "<group>"; };
		96E19B771AF8640400495E00 /* Placeholder.png */ = {isa = PBXFileReference; lastKnownFileType = image.png; path = Placeholder.png; sourceTree = "<group>"; };
		96E19B781AF8640400495E00 /* Placeholder@2x.png */ = {isa = PBXFileReference; lastKnownFileType = image.png; path = "Placeholder@2x.png"; sourceTree = "<group>"; };
		96E19B791AF8640400495E00 /* Placeholder@3x.png */ = {isa = PBXFileReference; lastKnownFileType = image.png; path = "Placeholder@3x.png"; sourceTree = "<group>"; };
		96E19B7A1AF8640400495E00 /* PriceButton.png */ = {isa = PBXFileReference; lastKnownFileType = image.png; path = PriceButton.png; sourceTree = "<group>"; };
		96E19B7B1AF8640400495E00 /* PriceButton@2x.png */ = {isa = PBXFileReference; lastKnownFileType = image.png; path = "PriceButton@2x.png"; sourceTree = "<group>"; };
		96E19B7C1AF8640400495E00 /* PriceButton@3x.png */ = {isa = PBXFileReference; lastKnownFileType = image.png; path = "PriceButton@3x.png"; sourceTree = "<group>"; };
		96E19B8C1AF8645700495E00 /* SearchResultCell.xib */ = {isa = PBXFileReference; fileEncoding = 4; lastKnownFileType = file.xib; name = SearchResultCell.xib; path = Images/SearchResultCell.xib; sourceTree = "<group>"; };
		96E19B8E1AF9026600495E00 /* SearchResultCell.swift */ = {isa = PBXFileReference; fileEncoding = 4; lastKnownFileType = sourcecode.swift; path = SearchResultCell.swift; sourceTree = "<group>"; };
		96E19BA21AFCB1D800495E00 /* SearchResult.swift */ = {isa = PBXFileReference; fileEncoding = 4; lastKnownFileType = sourcecode.swift; name = SearchResult.swift; path = ../SearchResult.swift; sourceTree = "<group>"; };
		96F7FF5B1B0BC14D00015477 /* en */ = {isa = PBXFileReference; lastKnownFileType = file.xib; name = en; path = en.lproj/NothingFoundCell.xib; sourceTree = "<group>"; };
		96F7FF5F1B0C0CC200015477 /* Base */ = {isa = PBXFileReference; lastKnownFileType = file.xib; name = Base; path = Base.lproj/LoadingCell.xib; sourceTree = "<group>"; };
		96F8E04E1B030E0B00BE943F /* BounceAnimateController.swift */ = {isa = PBXFileReference; fileEncoding = 4; lastKnownFileType = sourcecode.swift; path = BounceAnimateController.swift; sourceTree = "<group>"; };
		96F8E0501B03CB9F00BE943F /* SlideOutAnimation.swift */ = {isa = PBXFileReference; fileEncoding = 4; lastKnownFileType = sourcecode.swift; path = SlideOutAnimation.swift; sourceTree = "<group>"; };
		96F8E0521B03CD0200BE943F /* LandscapeViewController.swift */ = {isa = PBXFileReference; fileEncoding = 4; lastKnownFileType = sourcecode.swift; path = LandscapeViewController.swift; sourceTree = "<group>"; };
		96F8E0571B048F1A00BE943F /* FadeOutAnimation.swift */ = {isa = PBXFileReference; fileEncoding = 4; lastKnownFileType = sourcecode.swift; path = FadeOutAnimation.swift; sourceTree = "<group>"; };
/* End PBXFileReference section */

/* Begin PBXFrameworksBuildPhase section */
		96E19B411AF46B0700495E00 /* Frameworks */ = {
			isa = PBXFrameworksBuildPhase;
			buildActionMask = 2147483647;
			files = (
			);
			runOnlyForDeploymentPostprocessing = 0;
		};
		96E19B561AF46B0700495E00 /* Frameworks */ = {
			isa = PBXFrameworksBuildPhase;
			buildActionMask = 2147483647;
			files = (
			);
			runOnlyForDeploymentPostprocessing = 0;
		};
/* End PBXFrameworksBuildPhase section */

/* Begin PBXGroup section */
		96E19B3B1AF46B0700495E00 = {
			isa = PBXGroup;
			children = (
				96E19B461AF46B0700495E00 /* CraigSearch */,
				96E19B5C1AF46B0700495E00 /* CraigSearchTests */,
				96E19B451AF46B0700495E00 /* Products */,
			);
			sourceTree = "<group>";
		};
		96E19B451AF46B0700495E00 /* Products */ = {
			isa = PBXGroup;
			children = (
				96E19B441AF46B0700495E00 /* CraigSearch.app */,
				96E19B591AF46B0700495E00 /* CraigSearchTests.xctest */,
			);
			name = Products;
			sourceTree = "<group>";
		};
		96E19B461AF46B0700495E00 /* CraigSearch */ = {
			isa = PBXGroup;
			children = (
				96E19B491AF46B0700495E00 /* AppDelegate.swift */,
				965186611B019751005793D2 /* GradientView.swift */,
				96A030731AFFB7BB00783268 /* UIImageView+DownloadImage.swift */,
				96A030771B008BEE00783268 /* DetailViewController.swift */,
				96F8E0571B048F1A00BE943F /* FadeOutAnimation.swift */,
				96F8E0521B03CD0200BE943F /* LandscapeViewController.swift */,
				96F8E0551B048B5600BE943F /* Pop-Up Animation Controllers */,
				96F8E0541B048B4900BE943F /* Search View Controllers */,
				96F8E0561B048B6A00BE943F /* Storyboard and XIBs */,
				96E19B501AF46B0700495E00 /* Images.xcassets */,
				96E19B6D1AF8640400495E00 /* Images */,
				96E19B471AF46B0700495E00 /* Supporting Files */,
			);
			path = CraigSearch;
			sourceTree = "<group>";
		};
		96E19B471AF46B0700495E00 /* Supporting Files */ = {
			isa = PBXGroup;
			children = (
				96E19B481AF46B0700495E00 /* Info.plist */,
			);
			name = "Supporting Files";
			sourceTree = "<group>";
		};
		96E19B5C1AF46B0700495E00 /* CraigSearchTests */ = {
			isa = PBXGroup;
			children = (
				96E19B5F1AF46B0700495E00 /* CraigSearchTests.swift */,
				96E19B5D1AF46B0700495E00 /* Supporting Files */,
			);
			path = CraigSearchTests;
			sourceTree = "<group>";
		};
		96E19B5D1AF46B0700495E00 /* Supporting Files */ = {
			isa = PBXGroup;
			children = (
				96E19B5E1AF46B0700495E00 /* Info.plist */,
			);
			name = "Supporting Files";
			sourceTree = "<group>";
		};
		96E19B6D1AF8640400495E00 /* Images */ = {
			isa = PBXGroup;
			children = (
				96E19B6E1AF8640400495E00 /* CloseButton.png */,
				96E19B6F1AF8640400495E00 /* CloseButton@2x.png */,
				96E19B701AF8640400495E00 /* CloseButton@3x.png */,
				96E19B711AF8640400495E00 /* LandscapeBackground.png */,
				96E19B721AF8640400495E00 /* LandscapeBackground@2x.png */,
				96E19B731AF8640400495E00 /* LandscapeBackground@3x.png */,
				96E19B741AF8640400495E00 /* LandscapeButton.png */,
				96E19B751AF8640400495E00 /* LandscapeButton@2x.png */,
				96E19B761AF8640400495E00 /* LandscapeButton@3x.png */,
				96E19B771AF8640400495E00 /* Placeholder.png */,
				96E19B781AF8640400495E00 /* Placeholder@2x.png */,
				96E19B791AF8640400495E00 /* Placeholder@3x.png */,
				96E19B7A1AF8640400495E00 /* PriceButton.png */,
				96E19B7B1AF8640400495E00 /* PriceButton@2x.png */,
				96E19B7C1AF8640400495E00 /* PriceButton@3x.png */,
			);
			path = Images;
			sourceTree = "<group>";
		};
		96F8E0541B048B4900BE943F /* Search View Controllers */ = {
			isa = PBXGroup;
			children = (
				9682122D1B049DBF006A9B26 /* Searches.swift */,
				96E19B4B1AF46B0700495E00 /* SearchViewController.swift */,
				96E19BA21AFCB1D800495E00 /* SearchResult.swift */,
				96E19B8E1AF9026600495E00 /* SearchResultCell.swift */,
			);
			name = "Search View Controllers";
			sourceTree = "<group>";
		};
		96F8E0551B048B5600BE943F /* Pop-Up Animation Controllers */ = {
			isa = PBXGroup;
			children = (
				96A030791B011F8200783268 /* DimmedPresentationContro.swift */,
				96F8E0501B03CB9F00BE943F /* SlideOutAnimation.swift */,
				96F8E04E1B030E0B00BE943F /* BounceAnimateController.swift */,
			);
			name = "Pop-Up Animation Controllers";
			sourceTree = "<group>";
		};
		96F8E0561B048B6A00BE943F /* Storyboard and XIBs */ = {
			isa = PBXGroup;
			children = (
				96E19B4D1AF46B0700495E00 /* Main.storyboard */,
				96E19B8C1AF8645700495E00 /* SearchResultCell.xib */,
				96F7FF601B0C0CC200015477 /* LoadingCell.xib */,
				96F7FF5C1B0BC14D00015477 /* NothingFoundCell.xib */,
			);
			name = "Storyboard and XIBs";
			sourceTree = "<group>";
		};
/* End PBXGroup section */

/* Begin PBXNativeTarget section */
		96E19B431AF46B0700495E00 /* CraigSearch */ = {
			isa = PBXNativeTarget;
			buildConfigurationList = 96E19B631AF46B0700495E00 /* Build configuration list for PBXNativeTarget "CraigSearch" */;
			buildPhases = (
				96E19B401AF46B0700495E00 /* Sources */,
				96E19B411AF46B0700495E00 /* Frameworks */,
				96E19B421AF46B0700495E00 /* Resources */,
			);
			buildRules = (
			);
			dependencies = (
			);
			name = CraigSearch;
			productName = CraigSearch;
			productReference = 96E19B441AF46B0700495E00 /* CraigSearch.app */;
			productType = "com.apple.product-type.application";
		};
		96E19B581AF46B0700495E00 /* CraigSearchTests */ = {
			isa = PBXNativeTarget;
			buildConfigurationList = 96E19B661AF46B0700495E00 /* Build configuration list for PBXNativeTarget "CraigSearchTests" */;
			buildPhases = (
				96E19B551AF46B0700495E00 /* Sources */,
				96E19B561AF46B0700495E00 /* Frameworks */,
				96E19B571AF46B0700495E00 /* Resources */,
			);
			buildRules = (
			);
			dependencies = (
				96E19B5B1AF46B0700495E00 /* PBXTargetDependency */,
			);
			name = CraigSearchTests;
			productName = CraigSearchTests;
			productReference = 96E19B591AF46B0700495E00 /* CraigSearchTests.xctest */;
			productType = "com.apple.product-type.bundle.unit-test";
		};
/* End PBXNativeTarget section */

/* Begin PBXProject section */
		96E19B3C1AF46B0700495E00 /* Project object */ = {
			isa = PBXProject;
			attributes = {
				LastUpgradeCheck = 0630;
				ORGANIZATIONNAME = "Calvin Nisbet";
				TargetAttributes = {
					96E19B431AF46B0700495E00 = {
						CreatedOnToolsVersion = 6.3.1;
					};
					96E19B581AF46B0700495E00 = {
						CreatedOnToolsVersion = 6.3.1;
						TestTargetID = 96E19B431AF46B0700495E00;
					};
				};
			};
			buildConfigurationList = 96E19B3F1AF46B0700495E00 /* Build configuration list for PBXProject "iTunesSearch" */;
			compatibilityVersion = "Xcode 3.2";
			developmentRegion = English;
			hasScannedForEncodings = 0;
			knownRegions = (
				en,
				Base,
				fr,
			);
			mainGroup = 96E19B3B1AF46B0700495E00;
			productRefGroup = 96E19B451AF46B0700495E00 /* Products */;
			projectDirPath = "";
			projectRoot = "";
			targets = (
				96E19B431AF46B0700495E00 /* CraigSearch */,
				96E19B581AF46B0700495E00 /* CraigSearchTests */,
			);
		};
/* End PBXProject section */

/* Begin PBXResourcesBuildPhase section */
		96E19B421AF46B0700495E00 /* Resources */ = {
			isa = PBXResourcesBuildPhase;
			buildActionMask = 2147483647;
			files = (
				96E19B8A1AF8640400495E00 /* PriceButton@2x.png in Resources */,
				96E19B881AF8640400495E00 /* Placeholder@3x.png in Resources */,
				96E19B891AF8640400495E00 /* PriceButton.png in Resources */,
				96E19B801AF8640400495E00 /* LandscapeBackground.png in Resources */,
				96E19B831AF8640400495E00 /* LandscapeButton.png in Resources */,
				96E19B7F1AF8640400495E00 /* CloseButton@3x.png in Resources */,
				96E19B851AF8640400495E00 /* LandscapeButton@3x.png in Resources */,
				96E19B861AF8640400495E00 /* Placeholder.png in Resources */,
				96F7FF5A1B0BC14D00015477 /* NothingFoundCell.xib in Resources */,
				96E19B821AF8640400495E00 /* LandscapeBackground@3x.png in Resources */,
				96E19B871AF8640400495E00 /* Placeholder@2x.png in Resources */,
				96E19B811AF8640400495E00 /* LandscapeBackground@2x.png in Resources */,
				96E19B8B1AF8640400495E00 /* PriceButton@3x.png in Resources */,
				96E19B841AF8640400495E00 /* LandscapeButton@2x.png in Resources */,
				96F7FF5E1B0C0CC200015477 /* LoadingCell.xib in Resources */,
				96E19B7D1AF8640400495E00 /* CloseButton.png in Resources */,
				96E19B7E1AF8640400495E00 /* CloseButton@2x.png in Resources */,
				96E19B8D1AF8645700495E00 /* SearchResultCell.xib in Resources */,
				96E19B4F1AF46B0700495E00 /* Main.storyboard in Resources */,
				96E19B511AF46B0700495E00 /* Images.xcassets in Resources */,
			);
			runOnlyForDeploymentPostprocessing = 0;
		};
		96E19B571AF46B0700495E00 /* Resources */ = {
			isa = PBXResourcesBuildPhase;
			buildActionMask = 2147483647;
			files = (
			);
			runOnlyForDeploymentPostprocessing = 0;
		};
/* End PBXResourcesBuildPhase section */

/* Begin PBXSourcesBuildPhase section */
		96E19B401AF46B0700495E00 /* Sources */ = {
			isa = PBXSourcesBuildPhase;
			buildActionMask = 2147483647;
			files = (
				96A0307A1B011F8200783268 /* DimmedPresentationContro.swift in Sources */,
				96F8E0581B048F1A00BE943F /* FadeOutAnimation.swift in Sources */,
				96F8E04F1B030E0B00BE943F /* BounceAnimateController.swift in Sources */,
				96E19B4C1AF46B0700495E00 /* SearchViewController.swift in Sources */,
				96E19BA31AFCB1D800495E00 /* SearchResult.swift in Sources */,
				96E19B8F1AF9026600495E00 /* SearchResultCell.swift in Sources */,
				96F8E0531B03CD0200BE943F /* LandscapeViewController.swift in Sources */,
				96A030781B008BEE00783268 /* DetailViewController.swift in Sources */,
				96E19B4A1AF46B0700495E00 /* AppDelegate.swift in Sources */,
				965186621B019751005793D2 /* GradientView.swift in Sources */,
				9682122E1B049DBF006A9B26 /* Searches.swift in Sources */,
				96A030741AFFB7BB00783268 /* UIImageView+DownloadImage.swift in Sources */,
				96F8E0511B03CB9F00BE943F /* SlideOutAnimation.swift in Sources */,
			);
			runOnlyForDeploymentPostprocessing = 0;
		};
		96E19B551AF46B0700495E00 /* Sources */ = {
			isa = PBXSourcesBuildPhase;
			buildActionMask = 2147483647;
			files = (
				96E19B601AF46B0700495E00 /* CraigSearchTests.swift in Sources */,
			);
			runOnlyForDeploymentPostprocessing = 0;
		};
/* End PBXSourcesBuildPhase section */

/* Begin PBXTargetDependency section */
		96E19B5B1AF46B0700495E00 /* PBXTargetDependency */ = {
			isa = PBXTargetDependency;
			target = 96E19B431AF46B0700495E00 /* CraigSearch */;
			targetProxy = 96E19B5A1AF46B0700495E00 /* PBXContainerItemProxy */;
		};
/* End PBXTargetDependency section */

/* Begin PBXVariantGroup section */
		96E19B4D1AF46B0700495E00 /* Main.storyboard */ = {
			isa = PBXVariantGroup;
			children = (
				96E19B4E1AF46B0700495E00 /* Base */,
				96B308741B0C62D300A1CAD3 /* fr */,
			);
			name = Main.storyboard;
			sourceTree = "<group>";
		};
		96F7FF5C1B0BC14D00015477 /* NothingFoundCell.xib */ = {
			isa = PBXVariantGroup;
			children = (
				96F7FF5B1B0BC14D00015477 /* en */,
			);
			name = NothingFoundCell.xib;
			sourceTree = "<group>";
		};
		96F7FF601B0C0CC200015477 /* LoadingCell.xib */ = {
			isa = PBXVariantGroup;
			children = (
				96F7FF5F1B0C0CC200015477 /* Base */,
				96B308751B0C62D300A1CAD3 /* fr */,
			);
			name = LoadingCell.xib;
			sourceTree = "<group>";
		};
/* End PBXVariantGroup section */

/* Begin XCBuildConfiguration section */
		96E19B611AF46B0700495E00 /* Debug */ = {
			isa = XCBuildConfiguration;
			buildSettings = {
				ALWAYS_SEARCH_USER_PATHS = NO;
				CLANG_CXX_LANGUAGE_STANDARD = "gnu++0x";
				CLANG_CXX_LIBRARY = "libc++";
				CLANG_ENABLE_MODULES = YES;
				CLANG_ENABLE_OBJC_ARC = YES;
				CLANG_WARN_BOOL_CONVERSION = YES;
				CLANG_WARN_CONSTANT_CONVERSION = YES;
				CLANG_WARN_DIRECT_OBJC_ISA_USAGE = YES_ERROR;
				CLANG_WARN_EMPTY_BODY = YES;
				CLANG_WARN_ENUM_CONVERSION = YES;
				CLANG_WARN_INT_CONVERSION = YES;
				CLANG_WARN_OBJC_ROOT_CLASS = YES_ERROR;
				CLANG_WARN_UNREACHABLE_CODE = YES;
				CLANG_WARN__DUPLICATE_METHOD_MATCH = YES;
				"CODE_SIGN_IDENTITY[sdk=iphoneos*]" = "iPhone Developer";
				COPY_PHASE_STRIP = NO;
				DEBUG_INFORMATION_FORMAT = "dwarf-with-dsym";
				ENABLE_STRICT_OBJC_MSGSEND = YES;
				GCC_C_LANGUAGE_STANDARD = gnu99;
				GCC_DYNAMIC_NO_PIC = NO;
				GCC_NO_COMMON_BLOCKS = YES;
				GCC_OPTIMIZATION_LEVEL = 0;
				GCC_PREPROCESSOR_DEFINITIONS = (
					"DEBUG=1",
					"$(inherited)",
				);
				GCC_SYMBOLS_PRIVATE_EXTERN = NO;
				GCC_WARN_64_TO_32_BIT_CONVERSION = YES;
				GCC_WARN_ABOUT_RETURN_TYPE = YES_ERROR;
				GCC_WARN_UNDECLARED_SELECTOR = YES;
				GCC_WARN_UNINITIALIZED_AUTOS = YES_AGGRESSIVE;
				GCC_WARN_UNUSED_FUNCTION = YES;
				GCC_WARN_UNUSED_VARIABLE = YES;
				IPHONEOS_DEPLOYMENT_TARGET = 8.3;
				MTL_ENABLE_DEBUG_INFO = YES;
				ONLY_ACTIVE_ARCH = YES;
				SDKROOT = iphoneos;
				SWIFT_OPTIMIZATION_LEVEL = "-Onone";
			};
			name = Debug;
		};
		96E19B621AF46B0700495E00 /* Release */ = {
			isa = XCBuildConfiguration;
			buildSettings = {
				ALWAYS_SEARCH_USER_PATHS = NO;
				CLANG_CXX_LANGUAGE_STANDARD = "gnu++0x";
				CLANG_CXX_LIBRARY = "libc++";
				CLANG_ENABLE_MODULES = YES;
				CLANG_ENABLE_OBJC_ARC = YES;
				CLANG_WARN_BOOL_CONVERSION = YES;
				CLANG_WARN_CONSTANT_CONVERSION = YES;
				CLANG_WARN_DIRECT_OBJC_ISA_USAGE = YES_ERROR;
				CLANG_WARN_EMPTY_BODY = YES;
				CLANG_WARN_ENUM_CONVERSION = YES;
				CLANG_WARN_INT_CONVERSION = YES;
				CLANG_WARN_OBJC_ROOT_CLASS = YES_ERROR;
				CLANG_WARN_UNREACHABLE_CODE = YES;
				CLANG_WARN__DUPLICATE_METHOD_MATCH = YES;
				"CODE_SIGN_IDENTITY[sdk=iphoneos*]" = "iPhone Developer";
				COPY_PHASE_STRIP = NO;
				DEBUG_INFORMATION_FORMAT = "dwarf-with-dsym";
				ENABLE_NS_ASSERTIONS = NO;
				ENABLE_STRICT_OBJC_MSGSEND = YES;
				GCC_C_LANGUAGE_STANDARD = gnu99;
				GCC_NO_COMMON_BLOCKS = YES;
				GCC_WARN_64_TO_32_BIT_CONVERSION = YES;
				GCC_WARN_ABOUT_RETURN_TYPE = YES_ERROR;
				GCC_WARN_UNDECLARED_SELECTOR = YES;
				GCC_WARN_UNINITIALIZED_AUTOS = YES_AGGRESSIVE;
				GCC_WARN_UNUSED_FUNCTION = YES;
				GCC_WARN_UNUSED_VARIABLE = YES;
				IPHONEOS_DEPLOYMENT_TARGET = 8.3;
				MTL_ENABLE_DEBUG_INFO = NO;
				SDKROOT = iphoneos;
				VALIDATE_PRODUCT = YES;
			};
			name = Release;
		};
		96E19B641AF46B0700495E00 /* Debug */ = {
			isa = XCBuildConfiguration;
			buildSettings = {
				ASSETCATALOG_COMPILER_APPICON_NAME = AppIcon;
				INFOPLIST_FILE = CraigSearch/Info.plist;
				LD_RUNPATH_SEARCH_PATHS = "$(inherited) @executable_path/Frameworks";
				PRODUCT_NAME = "$(TARGET_NAME)";
			};
			name = Debug;
		};
		96E19B651AF46B0700495E00 /* Release */ = {
			isa = XCBuildConfiguration;
			buildSettings = {
				ASSETCATALOG_COMPILER_APPICON_NAME = AppIcon;
				INFOPLIST_FILE = CraigSearch/Info.plist;
				LD_RUNPATH_SEARCH_PATHS = "$(inherited) @executable_path/Frameworks";
				PRODUCT_NAME = "$(TARGET_NAME)";
			};
			name = Release;
		};
		96E19B671AF46B0700495E00 /* Debug */ = {
			isa = XCBuildConfiguration;
			buildSettings = {
				BUNDLE_LOADER = "$(TEST_HOST)";
				FRAMEWORK_SEARCH_PATHS = (
					"$(SDKROOT)/Developer/Library/Frameworks",
					"$(inherited)",
				);
				GCC_PREPROCESSOR_DEFINITIONS = (
					"DEBUG=1",
					"$(inherited)",
				);
				INFOPLIST_FILE = CraigSearchTests/Info.plist;
				LD_RUNPATH_SEARCH_PATHS = "$(inherited) @executable_path/Frameworks @loader_path/Frameworks";
				PRODUCT_NAME = "$(TARGET_NAME)";
				TEST_HOST = "$(BUILT_PRODUCTS_DIR)/CraigSearch.app/CraigSearch";
			};
			name = Debug;
		};
		96E19B681AF46B0700495E00 /* Release */ = {
			isa = XCBuildConfiguration;
			buildSettings = {
				BUNDLE_LOADER = "$(TEST_HOST)";
				FRAMEWORK_SEARCH_PATHS = (
					"$(SDKROOT)/Developer/Library/Frameworks",
					"$(inherited)",
				);
				INFOPLIST_FILE = CraigSearchTests/Info.plist;
				LD_RUNPATH_SEARCH_PATHS = "$(inherited) @executable_path/Frameworks @loader_path/Frameworks";
				PRODUCT_NAME = "$(TARGET_NAME)";
				TEST_HOST = "$(BUILT_PRODUCTS_DIR)/CraigSearch.app/CraigSearch";
			};
			name = Release;
		};
/* End XCBuildConfiguration section */

/* Begin XCConfigurationList section */
		96E19B3F1AF46B0700495E00 /* Build configuration list for PBXProject "iTunesSearch" */ = {
			isa = XCConfigurationList;
			buildConfigurations = (
				96E19B611AF46B0700495E00 /* Debug */,
				96E19B621AF46B0700495E00 /* Release */,
			);
			defaultConfigurationIsVisible = 0;
			defaultConfigurationName = Release;
		};
		96E19B631AF46B0700495E00 /* Build configuration list for PBXNativeTarget "CraigSearch" */ = {
			isa = XCConfigurationList;
			buildConfigurations = (
				96E19B641AF46B0700495E00 /* Debug */,
				96E19B651AF46B0700495E00 /* Release */,
			);
			defaultConfigurationIsVisible = 0;
			defaultConfigurationName = Release;
		};
		96E19B661AF46B0700495E00 /* Build configuration list for PBXNativeTarget "CraigSearchTests" */ = {
			isa = XCConfigurationList;
			buildConfigurations = (
				96E19B671AF46B0700495E00 /* Debug */,
				96E19B681AF46B0700495E00 /* Release */,
			);
			defaultConfigurationIsVisible = 0;
			defaultConfigurationName = Release;
		};
/* End XCConfigurationList section */
	};
	rootObject = 96E19B3C1AF46B0700495E00 /* Project object */;
}
